
Microsoft Visual Studio Solution File, Format Version 11.00
# Visual Studio 2010
Project("{FAE04EC0-301F-11D3-BF4B-00C04F79EFBC}") = "Assembly-CSharp", "Assembly-CSharp.csproj", "{b8304e44-daa3-c67c-1b70-096f317e6215}"
EndProject
Project("{FAE04EC0-301F-11D3-BF4B-00C04F79EFBC}") = "Sirenix.OdinInspector.CompatibilityLayer", "Sirenix.OdinInspector.CompatibilityLayer.csproj", "{ac2c7150-c81e-9fc4-f268-cd7ffb477d5b}"
EndProject
Project("{FAE04EC0-301F-11D3-BF4B-00C04F79EFBC}") = "Assembly-CSharp-Editor", "Assembly-CSharp-Editor.csproj", "{eaecfee4-3a58-03af-afa3-11bc052e4a3e}"
EndProject
Project("{FAE04EC0-301F-11D3-BF4B-00C04F79EFBC}") = "Sirenix.OdinInspector.CompatibilityLayer.Editor", "Sirenix.OdinInspector.CompatibilityLayer.Editor.csproj", "{476bf40e-ba49-ad69-f43e-47e3929fd268}"
EndProject
Project("{FAE04EC0-301F-11D3-BF4B-00C04F79EFBC}") = "Assembly-CSharp-Editor-firstpass", "Assembly-CSharp-Editor-firstpass.csproj", "{ca9a86c1-47b3-d5bf-b8dc-d35cc968aa0f}"
EndProject
Project("{FAE04EC0-301F-11D3-BF4B-00C04F79EFBC}") = "Assembly-CSharp-firstpass", "Assembly-CSharp-firstpass.csproj", "{72b12927-96b7-ccae-c35b-80892f185fc5}"
EndProject
Global
	GlobalSection(SolutionConfigurationPlatforms) = preSolution
		Debug|Any CPU = Debug|Any CPU
	EndGlobalSection
	GlobalSection(ProjectConfigurationPlatforms) = postSolution
		{b8304e44-daa3-c67c-1b70-096f317e6215}.Debug|Any CPU.ActiveCfg = Debug|Any CPU
		{b8304e44-daa3-c67c-1b70-096f317e6215}.Debug|Any CPU.Build.0 = Debug|Any CPU
		{ac2c7150-c81e-9fc4-f268-cd7ffb477d5b}.Debug|Any CPU.ActiveCfg = Debug|Any CPU
		{ac2c7150-c81e-9fc4-f268-cd7ffb477d5b}.Debug|Any CPU.Build.0 = Debug|Any CPU
		{eaecfee4-3a58-03af-afa3-11bc052e4a3e}.Debug|Any CPU.ActiveCfg = Debug|Any CPU
		{eaecfee4-3a58-03af-afa3-11bc052e4a3e}.Debug|Any CPU.Build.0 = Debug|Any CPU
		{476bf40e-ba49-ad69-f43e-47e3929fd268}.Debug|Any CPU.ActiveCfg = Debug|Any CPU
		{476bf40e-ba49-ad69-f43e-47e3929fd268}.Debug|Any CPU.Build.0 = Debug|Any CPU
		{ca9a86c1-47b3-d5bf-b8dc-d35cc968aa0f}.Debug|Any CPU.ActiveCfg = Debug|Any CPU
		{ca9a86c1-47b3-d5bf-b8dc-d35cc968aa0f}.Debug|Any CPU.Build.0 = Debug|Any CPU
		{72b12927-96b7-ccae-c35b-80892f185fc5}.Debug|Any CPU.ActiveCfg = Debug|Any CPU
		{72b12927-96b7-ccae-c35b-80892f185fc5}.Debug|Any CPU.Build.0 = Debug|Any CPU
	EndGlobalSection
	GlobalSection(SolutionProperties) = preSolution
		HideSolutionNode = FALSE
	EndGlobalSection
EndGlobal
